
Microsoft Visual Studio Solution File, Format Version 12.00
# Visual Studio Version 17
VisualStudioVersion = 17.9.34902.65
MinimumVisualStudioVersion = 10.0.40219.1
Project("{9A19103F-16F7-4668-BE54-9A1E7A4F7556}") = "Analyzer1", "src\Analyzer1\Analyzer1.csproj", "{D1DDB1BC-9BAF-4E60-AB29-F2269DD728E3}"
EndProject
Project("{9A19103F-16F7-4668-BE54-9A1E7A4F7556}") = "Analyzer1.CodeFixes", "src\Analyzer1.CodeFixes\Analyzer1.CodeFixes.csproj", "{B9BD4E70-2270-487B-8DE2-A8FDC77A5EF8}"
EndProject
Project("{9A19103F-16F7-4668-BE54-9A1E7A4F7556}") = "Analyzer1.Package", "src\Analyzer1.Package\Analyzer1.Package.csproj", "{D22EA8FE-9685-43AD-BF28-631982C56F94}"
EndProject
Project("{9A19103F-16F7-4668-BE54-9A1E7A4F7556}") = "Analyzer1.Test", "src\Analyzer1.Test\Analyzer1.Test.csproj", "{342C8D77-29E5-4D01-BE89-2028046DA809}"
EndProject
Project("{9A19103F-16F7-4668-BE54-9A1E7A4F7556}") = "Analyzer1.Vsix", "src\Analyzer1.Vsix\Analyzer1.Vsix.csproj", "{058C54EF-F635-4BC5-A505-A24351CEAEDD}"
EndProject
Project("{6EC3EE1D-3C4E-46DD-8F32-0CC8E7565705}") = "AnalyzerF", "src\AnalyzerF\AnalyzerF.fsproj", "{CE6E6E41-155B-44EF-B9DF-50289B24C339}"
EndProject
Global
	GlobalSection(SolutionConfigurationPlatforms) = preSolution
		Debug|Any CPU = Debug|Any CPU
		Release|Any CPU = Release|Any CPU
	EndGlobalSection
	GlobalSection(ProjectConfigurationPlatforms) = postSolution
		{D1DDB1BC-9BAF-4E60-AB29-F2269DD728E3}.Debug|Any CPU.ActiveCfg = Debug|Any CPU
		{D1DDB1BC-9BAF-4E60-AB29-F2269DD728E3}.Debug|Any CPU.Build.0 = Debug|Any CPU
		{D1DDB1BC-9BAF-4E60-AB29-F2269DD728E3}.Release|Any CPU.ActiveCfg = Release|Any CPU
		{D1DDB1BC-9BAF-4E60-AB29-F2269DD728E3}.Release|Any CPU.Build.0 = Release|Any CPU
		{B9BD4E70-2270-487B-8DE2-A8FDC77A5EF8}.Debug|Any CPU.ActiveCfg = Debug|Any CPU
		{B9BD4E70-2270-487B-8DE2-A8FDC77A5EF8}.Debug|Any CPU.Build.0 = Debug|Any CPU
		{B9BD4E70-2270-487B-8DE2-A8FDC77A5EF8}.Release|Any CPU.ActiveCfg = Release|Any CPU
		{B9BD4E70-2270-487B-8DE2-A8FDC77A5EF8}.Release|Any CPU.Build.0 = Release|Any CPU
		{D22EA8FE-9685-43AD-BF28-631982C56F94}.Debug|Any CPU.ActiveCfg = Debug|Any CPU
		{D22EA8FE-9685-43AD-BF28-631982C56F94}.Debug|Any CPU.Build.0 = Debug|Any CPU
		{D22EA8FE-9685-43AD-BF28-631982C56F94}.Release|Any CPU.ActiveCfg = Release|Any CPU
		{D22EA8FE-9685-43AD-BF28-631982C56F94}.Release|Any CPU.Build.0 = Release|Any CPU
		{342C8D77-29E5-4D01-BE89-2028046DA809}.Debug|Any CPU.ActiveCfg = Debug|Any CPU
		{342C8D77-29E5-4D01-BE89-2028046DA809}.Debug|Any CPU.Build.0 = Debug|Any CPU
		{342C8D77-29E5-4D01-BE89-2028046DA809}.Release|Any CPU.ActiveCfg = Release|Any CPU
		{342C8D77-29E5-4D01-BE89-2028046DA809}.Release|Any CPU.Build.0 = Release|Any CPU
		{058C54EF-F635-4BC5-A505-A24351CEAEDD}.Debug|Any CPU.ActiveCfg = Debug|Any CPU
		{058C54EF-F635-4BC5-A505-A24351CEAEDD}.Debug|Any CPU.Build.0 = Debug|Any CPU
		{058C54EF-F635-4BC5-A505-A24351CEAEDD}.Release|Any CPU.ActiveCfg = Release|Any CPU
		{058C54EF-F635-4BC5-A505-A24351CEAEDD}.Release|Any CPU.Build.0 = Release|Any CPU
		{CE6E6E41-155B-44EF-B9DF-50289B24C339}.Debug|Any CPU.ActiveCfg = Debug|Any CPU
		{CE6E6E41-155B-44EF-B9DF-50289B24C339}.Debug|Any CPU.Build.0 = Debug|Any CPU
		{CE6E6E41-155B-44EF-B9DF-50289B24C339}.Release|Any CPU.ActiveCfg = Release|Any CPU
		{CE6E6E41-155B-44EF-B9DF-50289B24C339}.Release|Any CPU.Build.0 = Release|Any CPU
	EndGlobalSection
	GlobalSection(SolutionProperties) = preSolution
		HideSolutionNode = FALSE
	EndGlobalSection
	GlobalSection(ExtensibilityGlobals) = postSolution
		SolutionGuid = {E2FE66CC-AE87-447C-8404-4AC090171105}
	EndGlobalSection
EndGlobal
